
Microsoft Visual Studio Solution File, Format Version 12.00
# Visual Studio Version 16
VisualStudioVersion = 16.0.30204.135
MinimumVisualStudioVersion = 15.0.26124.0
Project("{9A19103F-16F7-4668-BE54-9A1E7A4F7556}") = "Dapr.CleanArchitecture.Application.UnitTests", "tests\Aplication.UnitTests\Dapr.CleanArchitecture.Application.UnitTests.csproj", "{B8F5DCCC-7C6F-4294-907F-BA27EFEAD853}"
EndProject
Project("{9A19103F-16F7-4668-BE54-9A1E7A4F7556}") = "Dapr.CleanArchitecture.Application.IntegrationTests", "tests\Dapr.CleanArchitecture.Application.IntegrationTests\Dapr.CleanArchitecture.Application.IntegrationTests.csproj", "{C50A1D83-C039-4420-9AFE-C497C07E01D2}"
EndProject
Project("{9A19103F-16F7-4668-BE54-9A1E7A4F7556}") = "Dapr.CleanArchitecture.Domain.UnitTests", "tests\Dapr.CleanArchitecture.Domain.UnitTests\Dapr.CleanArchitecture.Domain.UnitTests.csproj", "{1F78AFCE-8B7B-4A98-A09D-BE185694488F}"
EndProject
Project("{2150E333-8FDC-42A3-9474-1A3956D46DE8}") = "src", "src", "{D2A70E84-194F-4531-AA81-82729A26F364}"
EndProject
Project("{2150E333-8FDC-42A3-9474-1A3956D46DE8}") = "tests", "tests", "{F8A7E80E-BA7E-40A5-A950-D63ABA0EC731}"
EndProject
Project("{9A19103F-16F7-4668-BE54-9A1E7A4F7556}") = "Dapr.CleanArchitecture.Api", "src\Dapr.CleanArchitecture.Api\Dapr.CleanArchitecture.Api.csproj", "{E1D52580-9B12-4574-B0AD-374989A9CDFE}"
EndProject
Project("{9A19103F-16F7-4668-BE54-9A1E7A4F7556}") = "Dapr.CleanArchitecture.Application", "src\Dapr.CleanArchitecture.Application\Dapr.CleanArchitecture.Application.csproj", "{71C14226-79D7-4228-86E6-AE34EE1811A0}"
EndProject
Project("{9A19103F-16F7-4668-BE54-9A1E7A4F7556}") = "Dapr.CleanArchitecture.Domain", "src\Dapr.CleanArchitecture.Domain\Dapr.CleanArchitecture.Domain.csproj", "{B3881995-2201-45C7-95DE-8AE4CA8D5414}"
EndProject
Project("{9A19103F-16F7-4668-BE54-9A1E7A4F7556}") = "Dapr.CleanArchitecture.Infrastructure", "src\Dapr.CleanArchitecture.Infrastructure\Dapr.CleanArchitecture.Infrastructure.csproj", "{88323170-D17E-4FBE-9DE9-CF54D2CBA53C}"
EndProject
Project("{2150E333-8FDC-42A3-9474-1A3956D46DE8}") = "components", "components", "{A2B28D37-42B5-454C-B00E-707D1410D2E2}"
	ProjectSection(SolutionItems) = preProject
		components\city-cosmos.yaml = components\city-cosmos.yaml
	EndProjectSection
EndProject
Global
	GlobalSection(SolutionConfigurationPlatforms) = preSolution
		Debug|Any CPU = Debug|Any CPU
		Release|Any CPU = Release|Any CPU
	EndGlobalSection
	GlobalSection(ProjectConfigurationPlatforms) = postSolution
		{B8F5DCCC-7C6F-4294-907F-BA27EFEAD853}.Debug|Any CPU.ActiveCfg = Debug|Any CPU
		{B8F5DCCC-7C6F-4294-907F-BA27EFEAD853}.Debug|Any CPU.Build.0 = Debug|Any CPU
		{B8F5DCCC-7C6F-4294-907F-BA27EFEAD853}.Release|Any CPU.ActiveCfg = Release|Any CPU
		{B8F5DCCC-7C6F-4294-907F-BA27EFEAD853}.Release|Any CPU.Build.0 = Release|Any CPU
		{C50A1D83-C039-4420-9AFE-C497C07E01D2}.Debug|Any CPU.ActiveCfg = Debug|Any CPU
		{C50A1D83-C039-4420-9AFE-C497C07E01D2}.Debug|Any CPU.Build.0 = Debug|Any CPU
		{C50A1D83-C039-4420-9AFE-C497C07E01D2}.Release|Any CPU.ActiveCfg = Release|Any CPU
		{C50A1D83-C039-4420-9AFE-C497C07E01D2}.Release|Any CPU.Build.0 = Release|Any CPU
		{1F78AFCE-8B7B-4A98-A09D-BE185694488F}.Debug|Any CPU.ActiveCfg = Debug|Any CPU
		{1F78AFCE-8B7B-4A98-A09D-BE185694488F}.Debug|Any CPU.Build.0 = Debug|Any CPU
		{1F78AFCE-8B7B-4A98-A09D-BE185694488F}.Release|Any CPU.ActiveCfg = Release|Any CPU
		{1F78AFCE-8B7B-4A98-A09D-BE185694488F}.Release|Any CPU.Build.0 = Release|Any CPU
		{E1D52580-9B12-4574-B0AD-374989A9CDFE}.Debug|Any CPU.ActiveCfg = Debug|Any CPU
		{E1D52580-9B12-4574-B0AD-374989A9CDFE}.Debug|Any CPU.Build.0 = Debug|Any CPU
		{E1D52580-9B12-4574-B0AD-374989A9CDFE}.Release|Any CPU.ActiveCfg = Release|Any CPU
		{E1D52580-9B12-4574-B0AD-374989A9CDFE}.Release|Any CPU.Build.0 = Release|Any CPU
		{71C14226-79D7-4228-86E6-AE34EE1811A0}.Debug|Any CPU.ActiveCfg = Debug|Any CPU
		{71C14226-79D7-4228-86E6-AE34EE1811A0}.Debug|Any CPU.Build.0 = Debug|Any CPU
		{71C14226-79D7-4228-86E6-AE34EE1811A0}.Release|Any CPU.ActiveCfg = Release|Any CPU
		{71C14226-79D7-4228-86E6-AE34EE1811A0}.Release|Any CPU.Build.0 = Release|Any CPU
		{B3881995-2201-45C7-95DE-8AE4CA8D5414}.Debug|Any CPU.ActiveCfg = Debug|Any CPU
		{B3881995-2201-45C7-95DE-8AE4CA8D5414}.Debug|Any CPU.Build.0 = Debug|Any CPU
		{B3881995-2201-45C7-95DE-8AE4CA8D5414}.Release|Any CPU.ActiveCfg = Release|Any CPU
		{B3881995-2201-45C7-95DE-8AE4CA8D5414}.Release|Any CPU.Build.0 = Release|Any CPU
		{88323170-D17E-4FBE-9DE9-CF54D2CBA53C}.Debug|Any CPU.ActiveCfg = Debug|Any CPU
		{88323170-D17E-4FBE-9DE9-CF54D2CBA53C}.Debug|Any CPU.Build.0 = Debug|Any CPU
		{88323170-D17E-4FBE-9DE9-CF54D2CBA53C}.Release|Any CPU.ActiveCfg = Release|Any CPU
		{88323170-D17E-4FBE-9DE9-CF54D2CBA53C}.Release|Any CPU.Build.0 = Release|Any CPU
	EndGlobalSection
	GlobalSection(SolutionProperties) = preSolution
		HideSolutionNode = FALSE
	EndGlobalSection
	GlobalSection(NestedProjects) = preSolution
		{B8F5DCCC-7C6F-4294-907F-BA27EFEAD853} = {F8A7E80E-BA7E-40A5-A950-D63ABA0EC731}
		{C50A1D83-C039-4420-9AFE-C497C07E01D2} = {F8A7E80E-BA7E-40A5-A950-D63ABA0EC731}
		{1F78AFCE-8B7B-4A98-A09D-BE185694488F} = {F8A7E80E-BA7E-40A5-A950-D63ABA0EC731}
		{E1D52580-9B12-4574-B0AD-374989A9CDFE} = {D2A70E84-194F-4531-AA81-82729A26F364}
		{71C14226-79D7-4228-86E6-AE34EE1811A0} = {D2A70E84-194F-4531-AA81-82729A26F364}
		{B3881995-2201-45C7-95DE-8AE4CA8D5414} = {D2A70E84-194F-4531-AA81-82729A26F364}
		{88323170-D17E-4FBE-9DE9-CF54D2CBA53C} = {D2A70E84-194F-4531-AA81-82729A26F364}
	EndGlobalSection
	GlobalSection(ExtensibilityGlobals) = postSolution
		SolutionGuid = {35E1D188-84DC-4673-B815-9E76A22A070C}
	EndGlobalSection
EndGlobal
